// !$*UTF8*$!
{
	archiveVersion = 1;
	classes = {
	};
	objectVersion = 46;
	objects = {

/* Begin PBXBuildFile section */
		46030BB71E0144FB0022956B /* MRRangeSliderKnobCALayer.m in Sources */ = {isa = PBXBuildFile; fileRef = 46030BB61E0144FB0022956B /* MRRangeSliderKnobCALayer.m */; };
		4648D7A21E011B630042E2BA /* main.m in Sources */ = {isa = PBXBuildFile; fileRef = 4648D7A11E011B630042E2BA /* main.m */; };
		4648D7A51E011B630042E2BA /* AppDelegate.m in Sources */ = {isa = PBXBuildFile; fileRef = 4648D7A41E011B630042E2BA /* AppDelegate.m */; };
		4648D7A81E011B630042E2BA /* ViewController.m in Sources */ = {isa = PBXBuildFile; fileRef = 4648D7A71E011B630042E2BA /* ViewController.m */; };
		4648D7AB1E011B630042E2BA /* Main.storyboard in Resources */ = {isa = PBXBuildFile; fileRef = 4648D7A91E011B630042E2BA /* Main.storyboard */; };
		4648D7AD1E011B630042E2BA /* Assets.xcassets in Resources */ = {isa = PBXBuildFile; fileRef = 4648D7AC1E011B630042E2BA /* Assets.xcassets */; };
		4648D7B01E011B630042E2BA /* LaunchScreen.storyboard in Resources */ = {isa = PBXBuildFile; fileRef = 4648D7AE1E011B630042E2BA /* LaunchScreen.storyboard */; };
		4648D7BB1E011B630042E2BA /* MRRangeSliderTests.m in Sources */ = {isa = PBXBuildFile; fileRef = 4648D7BA1E011B630042E2BA /* MRRangeSliderTests.m */; };
		4648D7C61E011B630042E2BA /* MRRangeSliderUITests.m in Sources */ = {isa = PBXBuildFile; fileRef = 4648D7C51E011B630042E2BA /* MRRangeSliderUITests.m */; };
		4648D7D61E011BF40042E2BA /* MRRangeSlider.m in Sources */ = {isa = PBXBuildFile; fileRef = 4648D7D51E011BF40042E2BA /* MRRangeSlider.m */; };
		4648D7D81E012BE40042E2BA /* QuartzCore.framework in Frameworks */ = {isa = PBXBuildFile; fileRef = 4648D7D71E012BE40042E2BA /* QuartzCore.framework */; };
/* End PBXBuildFile section */

/* Begin PBXContainerItemProxy section */
		4648D7B71E011B630042E2BA /* PBXContainerItemProxy */ = {
			isa = PBXContainerItemProxy;
			containerPortal = 4648D7951E011B630042E2BA /* Project object */;
			proxyType = 1;
			remoteGlobalIDString = 4648D79C1E011B630042E2BA;
			remoteInfo = MRRangeSlider;
		};
		4648D7C21E011B630042E2BA /* PBXContainerItemProxy */ = {
			isa = PBXContainerItemProxy;
			containerPortal = 4648D7951E011B630042E2BA /* Project object */;
			proxyType = 1;
			remoteGlobalIDString = 4648D79C1E011B630042E2BA;
			remoteInfo = MRRangeSlider;
		};
/* End PBXContainerItemProxy section */

/* Begin PBXFileReference section */
		46030BB51E0144FB0022956B /* MRRangeSliderKnobCALayer.h */ = {isa = PBXFileReference; fileEncoding = 4; lastKnownFileType = sourcecode.c.h; path = MRRangeSliderKnobCALayer.h; sourceTree = "<group>"; };
		46030BB61E0144FB0022956B /* MRRangeSliderKnobCALayer.m */ = {isa = PBXFileReference; fileEncoding = 4; lastKnownFileType = sourcecode.c.objc; path = MRRangeSliderKnobCALayer.m; sourceTree = "<group>"; };
		4648D79D1E011B630042E2BA /* MRRangeSlider.app */ = {isa = PBXFileReference; explicitFileType = wrapper.application; includeInIndex = 0; path = MRRangeSlider.app; sourceTree = BUILT_PRODUCTS_DIR; };
		4648D7A11E011B630042E2BA /* main.m */ = {isa = PBXFileReference; lastKnownFileType = sourcecode.c.objc; path = main.m; sourceTree = "<group>"; };
		4648D7A31E011B630042E2BA /* AppDelegate.h */ = {isa = PBXFileReference; lastKnownFileType = sourcecode.c.h; path = AppDelegate.h; sourceTree = "<group>"; };
		4648D7A41E011B630042E2BA /* AppDelegate.m */ = {isa = PBXFileReference; lastKnownFileType = sourcecode.c.objc; path = AppDelegate.m; sourceTree = "<group>"; };
		4648D7A61E011B630042E2BA /* ViewController.h */ = {isa = PBXFileReference; lastKnownFileType = sourcecode.c.h; path = ViewController.h; sourceTree = "<group>"; };
		4648D7A71E011B630042E2BA /* ViewController.m */ = {isa = PBXFileReference; lastKnownFileType = sourcecode.c.objc; path = ViewController.m; sourceTree = "<group>"; };
		4648D7AA1E011B630042E2BA /* Base */ = {isa = PBXFileReference; lastKnownFileType = file.storyboard; name = Base; path = Base.lproj/Main.storyboard; sourceTree = "<group>"; };
		4648D7AC1E011B630042E2BA /* Assets.xcassets */ = {isa = PBXFileReference; lastKnownFileType = folder.assetcatalog; path = Assets.xcassets; sourceTree = "<group>"; };
		4648D7AF1E011B630042E2BA /* Base */ = {isa = PBXFileReference; lastKnownFileType = file.storyboard; name = Base; path = Base.lproj/LaunchScreen.storyboard; sourceTree = "<group>"; };
		4648D7B11E011B630042E2BA /* Info.plist */ = {isa = PBXFileReference; lastKnownFileType = text.plist.xml; path = Info.plist; sourceTree = "<group>"; };
		4648D7B61E011B630042E2BA /* MRRangeSliderTests.xctest */ = {isa = PBXFileReference; explicitFileType = wrapper.cfbundle; includeInIndex = 0; path = MRRangeSliderTests.xctest; sourceTree = BUILT_PRODUCTS_DIR; };
		4648D7BA1E011B630042E2BA /* MRRangeSliderTests.m */ = {isa = PBXFileReference; lastKnownFileType = sourcecode.c.objc; path = MRRangeSliderTests.m; sourceTree = "<group>"; };
		4648D7BC1E011B630042E2BA /* Info.plist */ = {isa = PBXFileReference; lastKnownFileType = text.plist.xml; path = Info.plist; sourceTree = "<group>"; };
		4648D7C11E011B630042E2BA /* MRRangeSliderUITests.xctest */ = {isa = PBXFileReference; explicitFileType = wrapper.cfbundle; includeInIndex = 0; path = MRRangeSliderUITests.xctest; sourceTree = BUILT_PRODUCTS_DIR; };
		4648D7C51E011B630042E2BA /* MRRangeSliderUITests.m */ = {isa = PBXFileReference; lastKnownFileType = sourcecode.c.objc; path = MRRangeSliderUITests.m; sourceTree = "<group>"; };
		4648D7C71E011B630042E2BA /* Info.plist */ = {isa = PBXFileReference; lastKnownFileType = text.plist.xml; path = Info.plist; sourceTree = "<group>"; };
		4648D7D41E011BF40042E2BA /* MRRangeSlider.h */ = {isa = PBXFileReference; fileEncoding = 4; lastKnownFileType = sourcecode.c.h; path = MRRangeSlider.h; sourceTree = "<group>"; };
		4648D7D51E011BF40042E2BA /* MRRangeSlider.m */ = {isa = PBXFileReference; fileEncoding = 4; lastKnownFileType = sourcecode.c.objc; path = MRRangeSlider.m; sourceTree = "<group>"; };
		4648D7D71E012BE40042E2BA /* QuartzCore.framework */ = {isa = PBXFileReference; lastKnownFileType = wrapper.framework; name = QuartzCore.framework; path = System/Library/Frameworks/QuartzCore.framework; sourceTree = SDKROOT; };
/* End PBXFileReference section */

/* Begin PBXFrameworksBuildPhase section */
		4648D79A1E011B630042E2BA /* Frameworks */ = {
			isa = PBXFrameworksBuildPhase;
			buildActionMask = 2147483647;
			files = (
				4648D7D81E012BE40042E2BA /* QuartzCore.framework in Frameworks */,
			);
			runOnlyForDeploymentPostprocessing = 0;
		};
		4648D7B31E011B630042E2BA /* Frameworks */ = {
			isa = PBXFrameworksBuildPhase;
			buildActionMask = 2147483647;
			files = (
			);
			runOnlyForDeploymentPostprocessing = 0;
		};
		4648D7BE1E011B630042E2BA /* Frameworks */ = {
			isa = PBXFrameworksBuildPhase;
			buildActionMask = 2147483647;
			files = (
			);
			runOnlyForDeploymentPostprocessing = 0;
		};
/* End PBXFrameworksBuildPhase section */

/* Begin PBXGroup section */
		4648D7941E011B630042E2BA = {
			isa = PBXGroup;
			children = (
				4648D7D71E012BE40042E2BA /* QuartzCore.framework */,
				4648D79F1E011B630042E2BA /* MRRangeSlider */,
				4648D7B91E011B630042E2BA /* MRRangeSliderTests */,
				4648D7C41E011B630042E2BA /* MRRangeSliderUITests */,
				4648D79E1E011B630042E2BA /* Products */,
			);
			sourceTree = "<group>";
		};
		4648D79E1E011B630042E2BA /* Products */ = {
			isa = PBXGroup;
			children = (
				4648D79D1E011B630042E2BA /* MRRangeSlider.app */,
				4648D7B61E011B630042E2BA /* MRRangeSliderTests.xctest */,
				4648D7C11E011B630042E2BA /* MRRangeSliderUITests.xctest */,
			);
			name = Products;
			sourceTree = "<group>";
		};
		4648D79F1E011B630042E2BA /* MRRangeSlider */ = {
			isa = PBXGroup;
			children = (
				4648D7D31E011BDF0042E2BA /* MRRangeSlider */,
				4648D7A31E011B630042E2BA /* AppDelegate.h */,
				4648D7A41E011B630042E2BA /* AppDelegate.m */,
				4648D7A61E011B630042E2BA /* ViewController.h */,
				4648D7A71E011B630042E2BA /* ViewController.m */,
				4648D7A91E011B630042E2BA /* Main.storyboard */,
				4648D7AC1E011B630042E2BA /* Assets.xcassets */,
				4648D7AE1E011B630042E2BA /* LaunchScreen.storyboard */,
				4648D7B11E011B630042E2BA /* Info.plist */,
				4648D7A01E011B630042E2BA /* Supporting Files */,
			);
			path = MRRangeSlider;
			sourceTree = "<group>";
		};
		4648D7A01E011B630042E2BA /* Supporting Files */ = {
			isa = PBXGroup;
			children = (
				4648D7A11E011B630042E2BA /* main.m */,
			);
			name = "Supporting Files";
			sourceTree = "<group>";
		};
		4648D7B91E011B630042E2BA /* MRRangeSliderTests */ = {
			isa = PBXGroup;
			children = (
				4648D7BA1E011B630042E2BA /* MRRangeSliderTests.m */,
				4648D7BC1E011B630042E2BA /* Info.plist */,
			);
			path = MRRangeSliderTests;
			sourceTree = "<group>";
		};
		4648D7C41E011B630042E2BA /* MRRangeSliderUITests */ = {
			isa = PBXGroup;
			children = (
				4648D7C51E011B630042E2BA /* MRRangeSliderUITests.m */,
				4648D7C71E011B630042E2BA /* Info.plist */,
			);
			path = MRRangeSliderUITests;
			sourceTree = "<group>";
		};
		4648D7D31E011BDF0042E2BA /* MRRangeSlider */ = {
			isa = PBXGroup;
			children = (
				4648D7D41E011BF40042E2BA /* MRRangeSlider.h */,
				4648D7D51E011BF40042E2BA /* MRRangeSlider.m */,
				46030BB51E0144FB0022956B /* MRRangeSliderKnobCALayer.h */,
				46030BB61E0144FB0022956B /* MRRangeSliderKnobCALayer.m */,
			);
			name = MRRangeSlider;
			sourceTree = "<group>";
		};
/* End PBXGroup section */

/* Begin PBXNativeTarget section */
		4648D79C1E011B630042E2BA /* MRRangeSlider */ = {
			isa = PBXNativeTarget;
			buildConfigurationList = 4648D7CA1E011B630042E2BA /* Build configuration list for PBXNativeTarget "MRRangeSlider" */;
			buildPhases = (
				4648D7991E011B630042E2BA /* Sources */,
				4648D79A1E011B630042E2BA /* Frameworks */,
				4648D79B1E011B630042E2BA /* Resources */,
			);
			buildRules = (
			);
			dependencies = (
			);
			name = MRRangeSlider;
			productName = MRRangeSlider;
			productReference = 4648D79D1E011B630042E2BA /* MRRangeSlider.app */;
			productType = "com.apple.product-type.application";
		};
		4648D7B51E011B630042E2BA /* MRRangeSliderTests */ = {
			isa = PBXNativeTarget;
			buildConfigurationList = 4648D7CD1E011B630042E2BA /* Build configuration list for PBXNativeTarget "MRRangeSliderTests" */;
			buildPhases = (
				4648D7B21E011B630042E2BA /* Sources */,
				4648D7B31E011B630042E2BA /* Frameworks */,
				4648D7B41E011B630042E2BA /* Resources */,
			);
			buildRules = (
			);
			dependencies = (
				4648D7B81E011B630042E2BA /* PBXTargetDependency */,
			);
			name = MRRangeSliderTests;
			productName = MRRangeSliderTests;
			productReference = 4648D7B61E011B630042E2BA /* MRRangeSliderTests.xctest */;
			productType = "com.apple.product-type.bundle.unit-test";
		};
		4648D7C01E011B630042E2BA /* MRRangeSliderUITests */ = {
			isa = PBXNativeTarget;
			buildConfigurationList = 4648D7D01E011B630042E2BA /* Build configuration list for PBXNativeTarget "MRRangeSliderUITests" */;
			buildPhases = (
				4648D7BD1E011B630042E2BA /* Sources */,
				4648D7BE1E011B630042E2BA /* Frameworks */,
				4648D7BF1E011B630042E2BA /* Resources */,
			);
			buildRules = (
			);
			dependencies = (
				4648D7C31E011B630042E2BA /* PBXTargetDependency */,
			);
			name = MRRangeSliderUITests;
			productName = MRRangeSliderUITests;
			productReference = 4648D7C11E011B630042E2BA /* MRRangeSliderUITests.xctest */;
			productType = "com.apple.product-type.bundle.ui-testing";
		};
/* End PBXNativeTarget section */

/* Begin PBXProject section */
		4648D7951E011B630042E2BA /* Project object */ = {
			isa = PBXProject;
			attributes = {
				LastUpgradeCheck = 0730;
				ORGANIZATIONNAME = "Mayank Rikh";
				TargetAttributes = {
					4648D79C1E011B630042E2BA = {
						CreatedOnToolsVersion = 7.3.1;
					};
					4648D7B51E011B630042E2BA = {
						CreatedOnToolsVersion = 7.3.1;
						TestTargetID = 4648D79C1E011B630042E2BA;
					};
					4648D7C01E011B630042E2BA = {
						CreatedOnToolsVersion = 7.3.1;
						TestTargetID = 4648D79C1E011B630042E2BA;
					};
				};
			};
			buildConfigurationList = 4648D7981E011B630042E2BA /* Build configuration list for PBXProject "MRRangeSlider" */;
			compatibilityVersion = "Xcode 3.2";
			developmentRegion = English;
			hasScannedForEncodings = 0;
			knownRegions = (
				en,
				Base,
			);
			mainGroup = 4648D7941E011B630042E2BA;
			productRefGroup = 4648D79E1E011B630042E2BA /* Products */;
			projectDirPath = "";
			projectRoot = "";
			targets = (
				4648D79C1E011B630042E2BA /* MRRangeSlider */,
				4648D7B51E011B630042E2BA /* MRRangeSliderTests */,
				4648D7C01E011B630042E2BA /* MRRangeSliderUITests */,
			);
		};
/* End PBXProject section */

/* Begin PBXResourcesBuildPhase section */
		4648D79B1E011B630042E2BA /* Resources */ = {
			isa = PBXResourcesBuildPhase;
			buildActionMask = 2147483647;
			files = (
				4648D7B01E011B630042E2BA /* LaunchScreen.storyboard in Resources */,
				4648D7AD1E011B630042E2BA /* Assets.xcassets in Resources */,
				4648D7AB1E011B630042E2BA /* Main.storyboard in Resources */,
			);
			runOnlyForDeploymentPostprocessing = 0;
		};
		4648D7B41E011B630042E2BA /* Resources */ = {
			isa = PBXResourcesBuildPhase;
			buildActionMask = 2147483647;
			files = (
			);
			runOnlyForDeploymentPostprocessing = 0;
		};
		4648D7BF1E011B630042E2BA /* Resources */ = {
			isa = PBXResourcesBuildPhase;
			buildActionMask = 2147483647;
			files = (
			);
			runOnlyForDeploymentPostprocessing = 0;
		};
/* End PBXResourcesBuildPhase section */

/* Begin PBXSourcesBuildPhase section */
		4648D7991E011B630042E2BA /* Sources */ = {
			isa = PBXSourcesBuildPhase;
			buildActionMask = 2147483647;
			files = (
				4648D7A81E011B630042E2BA /* ViewController.m in Sources */,
				4648D7D61E011BF40042E2BA /* MRRangeSlider.m in Sources */,
				4648D7A51E011B630042E2BA /* AppDelegate.m in Sources */,
				46030BB71E0144FB0022956B /* MRRangeSliderKnobCALayer.m in Sources */,
				4648D7A21E011B630042E2BA /* main.m in Sources */,
			);
			runOnlyForDeploymentPostprocessing = 0;
		};
		4648D7B21E011B630042E2BA /* Sources */ = {
			isa = PBXSourcesBuildPhase;
			buildActionMask = 2147483647;
			files = (
				4648D7BB1E011B630042E2BA /* MRRangeSliderTests.m in Sources */,
			);
			runOnlyForDeploymentPostprocessing = 0;
		};
		4648D7BD1E011B630042E2BA /* Sources */ = {
			isa = PBXSourcesBuildPhase;
			buildActionMask = 2147483647;
			files = (
				4648D7C61E011B630042E2BA /* MRRangeSliderUITests.m in Sources */,
			);
			runOnlyForDeploymentPostprocessing = 0;
		};
/* End PBXSourcesBuildPhase section */

/* Begin PBXTargetDependency section */
		4648D7B81E011B630042E2BA /* PBXTargetDependency */ = {
			isa = PBXTargetDependency;
			target = 4648D79C1E011B630042E2BA /* MRRangeSlider */;
			targetProxy = 4648D7B71E011B630042E2BA /* PBXContainerItemProxy */;
		};
		4648D7C31E011B630042E2BA /* PBXTargetDependency */ = {
			isa = PBXTargetDependency;
			target = 4648D79C1E011B630042E2BA /* MRRangeSlider */;
			targetProxy = 4648D7C21E011B630042E2BA /* PBXContainerItemProxy */;
		};
/* End PBXTargetDependency section */

/* Begin PBXVariantGroup section */
		4648D7A91E011B630042E2BA /* Main.storyboard */ = {
			isa = PBXVariantGroup;
			children = (
				4648D7AA1E011B630042E2BA /* Base */,
			);
			name = Main.storyboard;
			sourceTree = "<group>";
		};
		4648D7AE1E011B630042E2BA /* LaunchScreen.storyboard */ = {
			isa = PBXVariantGroup;
			children = (
				4648D7AF1E011B630042E2BA /* Base */,
			);
			name = LaunchScreen.storyboard;
			sourceTree = "<group>";
		};
/* End PBXVariantGroup section */

/* Begin XCBuildConfiguration section */
		4648D7C81E011B630042E2BA /* Debug */ = {
			isa = XCBuildConfiguration;
			buildSettings = {
				ALWAYS_SEARCH_USER_PATHS = NO;
				CLANG_ANALYZER_NONNULL = YES;
				CLANG_CXX_LANGUAGE_STANDARD = "gnu++0x";
				CLANG_CXX_LIBRARY = "libc++";
				CLANG_ENABLE_MODULES = YES;
				CLANG_ENABLE_OBJC_ARC = YES;
				CLANG_WARN_BOOL_CONVERSION = YES;
				CLANG_WARN_CONSTANT_CONVERSION = YES;
				CLANG_WARN_DIRECT_OBJC_ISA_USAGE = YES_ERROR;
				CLANG_WARN_EMPTY_BODY = YES;
				CLANG_WARN_ENUM_CONVERSION = YES;
				CLANG_WARN_INT_CONVERSION = YES;
				CLANG_WARN_OBJC_ROOT_CLASS = YES_ERROR;
				CLANG_WARN_UNREACHABLE_CODE = YES;
				CLANG_WARN__DUPLICATE_METHOD_MATCH = YES;
				"CODE_SIGN_IDENTITY[sdk=iphoneos*]" = "iPhone Developer";
				COPY_PHASE_STRIP = NO;
				DEBUG_INFORMATION_FORMAT = dwarf;
				ENABLE_STRICT_OBJC_MSGSEND = YES;
				ENABLE_TESTABILITY = YES;
				GCC_C_LANGUAGE_STANDARD = gnu99;
				GCC_DYNAMIC_NO_PIC = NO;
				GCC_NO_COMMON_BLOCKS = YES;
				GCC_OPTIMIZATION_LEVEL = 0;
				GCC_PREPROCESSOR_DEFINITIONS = (
					"DEBUG=1",
					"$(inherited)",
				);
				GCC_WARN_64_TO_32_BIT_CONVERSION = YES;
				GCC_WARN_ABOUT_RETURN_TYPE = YES_ERROR;
				GCC_WARN_UNDECLARED_SELECTOR = YES;
				GCC_WARN_UNINITIALIZED_AUTOS = YES_AGGRESSIVE;
				GCC_WARN_UNUSED_FUNCTION = YES;
				GCC_WARN_UNUSED_VARIABLE = YES;
				IPHONEOS_DEPLOYMENT_TARGET = 9.3;
				MTL_ENABLE_DEBUG_INFO = YES;
				ONLY_ACTIVE_ARCH = YES;
				SDKROOT = iphoneos;
				TARGETED_DEVICE_FAMILY = "1,2";
			};
			name = Debug;
		};
		4648D7C91E011B630042E2BA /* Release */ = {
			isa = XCBuildConfiguration;
			buildSettings = {
				ALWAYS_SEARCH_USER_PATHS = NO;
				CLANG_ANALYZER_NONNULL = YES;
				CLANG_CXX_LANGUAGE_STANDARD = "gnu++0x";
				CLANG_CXX_LIBRARY = "libc++";
				CLANG_ENABLE_MODULES = YES;
				CLANG_ENABLE_OBJC_ARC = YES;
				CLANG_WARN_BOOL_CONVERSION = YES;
				CLANG_WARN_CONSTANT_CONVERSION = YES;
				CLANG_WARN_DIRECT_OBJC_ISA_USAGE = YES_ERROR;
				CLANG_WARN_EMPTY_BODY = YES;
				CLANG_WARN_ENUM_CONVERSION = YES;
				CLANG_WARN_INT_CONVERSION = YES;
				CLANG_WARN_OBJC_ROOT_CLASS = YES_ERROR;
				CLANG_WARN_UNREACHABLE_CODE = YES;
				CLANG_WARN__DUPLICATE_METHOD_MATCH = YES;
				"CODE_SIGN_IDENTITY[sdk=iphoneos*]" = "iPhone Developer";
				COPY_PHASE_STRIP = NO;
				DEBUG_INFORMATION_FORMAT = "dwarf-with-dsym";
				ENABLE_NS_ASSERTIONS = NO;
				ENABLE_STRICT_OBJC_MSGSEND = YES;
				GCC_C_LANGUAGE_STANDARD = gnu99;
				GCC_NO_COMMON_BLOCKS = YES;
				GCC_WARN_64_TO_32_BIT_CONVERSION = YES;
				GCC_WARN_ABOUT_RETURN_TYPE = YES_ERROR;
				GCC_WARN_UNDECLARED_SELECTOR = YES;
				GCC_WARN_UNINITIALIZED_AUTOS = YES_AGGRESSIVE;
				GCC_WARN_UNUSED_FUNCTION = YES;
				GCC_WARN_UNUSED_VARIABLE = YES;
				IPHONEOS_DEPLOYMENT_TARGET = 9.3;
				MTL_ENABLE_DEBUG_INFO = NO;
				SDKROOT = iphoneos;
				TARGETED_DEVICE_FAMILY = "1,2";
				VALIDATE_PRODUCT = YES;
			};
			name = Release;
		};
		4648D7CB1E011B630042E2BA /* Debug */ = {
			isa = XCBuildConfiguration;
			buildSettings = {
				ASSETCATALOG_COMPILER_APPICON_NAME = AppIcon;
				INFOPLIST_FILE = MRRangeSlider/Info.plist;
				LD_RUNPATH_SEARCH_PATHS = "$(inherited) @executable_path/Frameworks";
				PRODUCT_BUNDLE_IDENTIFIER = com.rikh.MRRangeSlider;
				PRODUCT_NAME = "$(TARGET_NAME)";
			};
			name = Debug;
		};
		4648D7CC1E011B630042E2BA /* Release */ = {
			isa = XCBuildConfiguration;
			buildSettings = {
				ASSETCATALOG_COMPILER_APPICON_NAME = AppIcon;
				INFOPLIST_FILE = MRRangeSlider/Info.plist;
				LD_RUNPATH_SEARCH_PATHS = "$(inherited) @executable_path/Frameworks";
				PRODUCT_BUNDLE_IDENTIFIER = com.rikh.MRRangeSlider;
				PRODUCT_NAME = "$(TARGET_NAME)";
			};
			name = Release;
		};
		4648D7CE1E011B630042E2BA /* Debug */ = {
			isa = XCBuildConfiguration;
			buildSettings = {
				BUNDLE_LOADER = "$(TEST_HOST)";
				INFOPLIST_FILE = MRRangeSliderTests/Info.plist;
				LD_RUNPATH_SEARCH_PATHS = "$(inherited) @executable_path/Frameworks @loader_path/Frameworks";
				PRODUCT_BUNDLE_IDENTIFIER = com.rikh.MRRangeSliderTests;
				PRODUCT_NAME = "$(TARGET_NAME)";
				TEST_HOST = "$(BUILT_PRODUCTS_DIR)/MRRangeSlider.app/MRRangeSlider";
			};
			name = Debug;
		};
		4648D7CF1E011B630042E2BA /* Release */ = {
			isa = XCBuildConfiguration;
			buildSettings = {
				BUNDLE_LOADER = "$(TEST_HOST)";
				INFOPLIST_FILE = MRRangeSliderTests/Info.plist;
				LD_RUNPATH_SEARCH_PATHS = "$(inherited) @executable_path/Frameworks @loader_path/Frameworks";
				PRODUCT_BUNDLE_IDENTIFIER = com.rikh.MRRangeSliderTests;
				PRODUCT_NAME = "$(TARGET_NAME)";
				TEST_HOST = "$(BUILT_PRODUCTS_DIR)/MRRangeSlider.app/MRRangeSlider";
			};
			name = Release;
		};
		4648D7D11E011B630042E2BA /* Debug */ = {
			isa = XCBuildConfiguration;
			buildSettings = {
				INFOPLIST_FILE = MRRangeSliderUITests/Info.plist;
				LD_RUNPATH_SEARCH_PATHS = "$(inherited) @executable_path/Frameworks @loader_path/Frameworks";
				PRODUCT_BUNDLE_IDENTIFIER = com.rikh.MRRangeSliderUITests;
				PRODUCT_NAME = "$(TARGET_NAME)";
				TEST_TARGET_NAME = MRRangeSlider;
			};
			name = Debug;
		};
		4648D7D21E011B630042E2BA /* Release */ = {
			isa = XCBuildConfiguration;
			buildSettings = {
				INFOPLIST_FILE = MRRangeSliderUITests/Info.plist;
				LD_RUNPATH_SEARCH_PATHS = "$(inherited) @executable_path/Frameworks @loader_path/Frameworks";
				PRODUCT_BUNDLE_IDENTIFIER = com.rikh.MRRangeSliderUITests;
				PRODUCT_NAME = "$(TARGET_NAME)";
				TEST_TARGET_NAME = MRRangeSlider;
			};
			name = Release;
		};
/* End XCBuildConfiguration section */

/* Begin XCConfigurationList section */
		4648D7981E011B630042E2BA /* Build configuration list for PBXProject "MRRangeSlider" */ = {
			isa = XCConfigurationList;
			buildConfigurations = (
				4648D7C81E011B630042E2BA /* Debug */,
				4648D7C91E011B630042E2BA /* Release */,
			);
			defaultConfigurationIsVisible = 0;
			defaultConfigurationName = Release;
		};
		4648D7CA1E011B630042E2BA /* Build configuration list for PBXNativeTarget "MRRangeSlider" */ = {
			isa = XCConfigurationList;
			buildConfigurations = (
				4648D7CB1E011B630042E2BA /* Debug */,
				4648D7CC1E011B630042E2BA /* Release */,
			);
			defaultConfigurationIsVisible = 0;
			defaultConfigurationName = Release;
		};
		4648D7CD1E011B630042E2BA /* Build configuration list for PBXNativeTarget "MRRangeSliderTests" */ = {
			isa = XCConfigurationList;
			buildConfigurations = (
				4648D7CE1E011B630042E2BA /* Debug */,
				4648D7CF1E011B630042E2BA /* Release */,
			);
			defaultConfigurationIsVisible = 0;
			defaultConfigurationName = Release;
		};
		4648D7D01E011B630042E2BA /* Build configuration list for PBXNativeTarget "MRRangeSliderUITests" */ = {
			isa = XCConfigurationList;
			buildConfigurations = (
				4648D7D11E011B630042E2BA /* Debug */,
				4648D7D21E011B630042E2BA /* Release */,
			);
			defaultConfigurationIsVisible = 0;
			defaultConfigurationName = Release;
		};
/* End XCConfigurationList section */
	};
	rootObject = 4648D7951E011B630042E2BA /* Project object */;
}
